{
  "name": "Lead",
  "lockfileVersion": 3,
  "requires": true,
  "packages": {
    "": {
      "dependencies": {
        "@axe-core/react": "^4.10.1"
      }
    },
    "node_modules/@axe-core/react": {
      "version": "4.10.1",
      "resolved": "https://registry.npmjs.org/@axe-core/react/-/react-4.10.1.tgz",
      "integrity": "sha512-GRGx/3Gbce9WQYXgY0iZzqOaHIRXBNGyV+zoUhJzBuDeoTL+XoeY3u/9PzdIVyH0pbNs1n1RChfsmWBy6hzKPg==",
      "license": "MPL-2.0",
      "dependencies": {
        "axe-core": "~4.10.2",
        "requestidlecallback": "^0.3.0"
      }
    },
    "node_modules/axe-core": {
      "version": "4.10.2",
      "resolved": "https://registry.npmjs.org/axe-core/-/axe-core-4.10.2.tgz",
      "integrity": "sha512-RE3mdQ7P3FRSe7eqCWoeQ/Z9QXrtniSjp1wUjt5nRC3WIpz5rSCve6o3fsZ2aCpJtrZjSZgjwXAoTO5k4tEI0w==",
      "license": "MPL-2.0",
      "engines": {
        "node": ">=4"
      }
    },
    "node_modules/requestidlecallback": {
      "version": "0.3.0",
      "resolved": "https://registry.npmjs.org/requestidlecallback/-/requestidlecallback-0.3.0.tgz",
      "integrity": "sha512-TWHFkT7S9p7IxLC5A1hYmAYQx2Eb9w1skrXmQ+dS1URyvR8tenMLl4lHbqEOUnpEYxNKpkVMXUgknVpBZWXXfQ==",
      "license": "MIT"
    }
  }
}
